
Microsoft Visual Studio Solution File, Format Version 12.00
# Visual Studio 15
VisualStudioVersion = 15.0.27703.2035
MinimumVisualStudioVersion = 10.0.40219.1
Project("{9A19103F-16F7-4668-BE54-9A1E7A4F7556}") = "Sokoban", "SokobanCS\Sokoban.csproj", "{CF2ECAFC-21B3-4D0F-9D56-E7E5558F781E}"
EndProject
Global
	GlobalSection(SolutionConfigurationPlatforms) = preSolution
		Debug|Any CPU = Debug|Any CPU
		Release|Any CPU = Release|Any CPU
	EndGlobalSection
	GlobalSection(ProjectConfigurationPlatforms) = postSolution
		{CF2ECAFC-21B3-4D0F-9D56-E7E5558F781E}.Debug|Any CPU.ActiveCfg = Debug|Any CPU
		{CF2ECAFC-21B3-4D0F-9D56-E7E5558F781E}.Debug|Any CPU.Build.0 = Debug|Any CPU
		{CF2ECAFC-21B3-4D0F-9D56-E7E5558F781E}.Release|Any CPU.ActiveCfg = Release|Any CPU
		{CF2ECAFC-21B3-4D0F-9D56-E7E5558F781E}.Release|Any CPU.Build.0 = Release|Any CPU
	EndGlobalSection
	GlobalSection(SolutionProperties) = preSolution
		HideSolutionNode = FALSE
	EndGlobalSection
	GlobalSection(ExtensibilityGlobals) = postSolution
		SolutionGuid = {D01EA59D-8935-4114-BB75-1BC79E72D8BD}
	EndGlobalSection
EndGlobal
